// !$*UTF8*$!
{
	archiveVersion = 1;
	classes = {
	};
	objectVersion = 50;
	objects = {

/* Begin PBXBuildFile section */
		2515F90D242B7D8200098FAD /* TransactionManager.swift in Sources */ = {isa = PBXBuildFile; fileRef = 2515F90C242B7D8200098FAD /* TransactionManager.swift */; };
		2515F90F242B7DAF00098FAD /* Signer.swift in Sources */ = {isa = PBXBuildFile; fileRef = 2515F90E242B7DAF00098FAD /* Signer.swift */; };
		2515F914242B7DE600098FAD /* BankSend.swift in Sources */ = {isa = PBXBuildFile; fileRef = 2515F911242B7DE600098FAD /* BankSend.swift */; };
		2515F915242B7DE600098FAD /* BankSendBuilder.swift in Sources */ = {isa = PBXBuildFile; fileRef = 2515F912242B7DE600098FAD /* BankSendBuilder.swift */; };
		2515F916242B7DE600098FAD /* TransactionValueBuilder.swift in Sources */ = {isa = PBXBuildFile; fileRef = 2515F913242B7DE600098FAD /* TransactionValueBuilder.swift */; };
		2515F918242B7E0500098FAD /* TransactionRequest.swift in Sources */ = {isa = PBXBuildFile; fileRef = 2515F917242B7E0500098FAD /* TransactionRequest.swift */; };
		2515F91E242B7E3C00098FAD /* Coin.swift in Sources */ = {isa = PBXBuildFile; fileRef = 2515F919242B7E3C00098FAD /* Coin.swift */; };
		2515F91F242B7E3C00098FAD /* TransactionValue.swift in Sources */ = {isa = PBXBuildFile; fileRef = 2515F91A242B7E3C00098FAD /* TransactionValue.swift */; };
		2515F920242B7E3C00098FAD /* TransactionResponse.swift in Sources */ = {isa = PBXBuildFile; fileRef = 2515F91B242B7E3C00098FAD /* TransactionResponse.swift */; };
		2515F921242B7E3C00098FAD /* TransactionFee.swift in Sources */ = {isa = PBXBuildFile; fileRef = 2515F91C242B7E3C00098FAD /* TransactionFee.swift */; };
		2515F922242B7E3C00098FAD /* TransactionMessage.swift in Sources */ = {isa = PBXBuildFile; fileRef = 2515F91D242B7E3C00098FAD /* TransactionMessage.swift */; };
		2515F924242B7F0A00098FAD /* ECKeyPair.swift in Sources */ = {isa = PBXBuildFile; fileRef = 2515F923242B7F0A00098FAD /* ECKeyPair.swift */; };
		2515F9262430AA2D00098FAD /* Keys.swift in Sources */ = {isa = PBXBuildFile; fileRef = 2515F9252430AA2D00098FAD /* Keys.swift */; };
		252AC33924231EC400083C0D /* KycData.swift in Sources */ = {isa = PBXBuildFile; fileRef = 252AC33824231EC400083C0D /* KycData.swift */; };
		252AC33B24231F3E00083C0D /* KycWhiteListPayLoad.swift in Sources */ = {isa = PBXBuildFile; fileRef = 252AC33A24231F3E00083C0D /* KycWhiteListPayLoad.swift */; };
		252AC33D242320D500083C0D /* Signature.swift in Sources */ = {isa = PBXBuildFile; fileRef = 252AC33C242320D500083C0D /* Signature.swift */; };
		252AC341242452F300083C0D /* KycRevokeModel.swift in Sources */ = {isa = PBXBuildFile; fileRef = 252AC340242452F300083C0D /* KycRevokeModel.swift */; };
		252AC344242453FF00083C0D /* KycRevokePayLoad.swift in Sources */ = {isa = PBXBuildFile; fileRef = 252AC343242453FF00083C0D /* KycRevokePayLoad.swift */; };
		252AC3462424549500083C0D /* KycRevoke.swift in Sources */ = {isa = PBXBuildFile; fileRef = 252AC3452424549500083C0D /* KycRevoke.swift */; };
		252AC352242852AB00083C0D /* secp256k1.framework in Frameworks */ = {isa = PBXBuildFile; fileRef = 252AC351242852AB00083C0D /* secp256k1.framework */; };
		252AC353242852AB00083C0D /* secp256k1.framework in Embed Frameworks */ = {isa = PBXBuildFile; fileRef = 252AC351242852AB00083C0D /* secp256k1.framework */; settings = {ATTRIBUTES = (CodeSignOnCopy, RemoveHeadersOnCopy, ); }; };
		252AC35624285D3300083C0D /* SawtoothSigning.framework in Frameworks */ = {isa = PBXBuildFile; fileRef = 252AC35524285D3300083C0D /* SawtoothSigning.framework */; };
		252AC35724285D3300083C0D /* SawtoothSigning.framework in Embed Frameworks */ = {isa = PBXBuildFile; fileRef = 252AC35524285D3300083C0D /* SawtoothSigning.framework */; settings = {ATTRIBUTES = (CodeSignOnCopy, RemoveHeadersOnCopy, ); }; };
		252AC359242861B100083C0D /* Secp256k1.swift in Sources */ = {isa = PBXBuildFile; fileRef = 252AC358242861B100083C0D /* Secp256k1.swift */; };
		256DAD5F24343F3E00936CC5 /* SECP256k1Test.swift in Sources */ = {isa = PBXBuildFile; fileRef = 256DAD5E24343F3E00936CC5 /* SECP256k1Test.swift */; };
		259C67FD24161919003668EC /* AppDelegate.swift in Sources */ = {isa = PBXBuildFile; fileRef = 259C67FC24161919003668EC /* AppDelegate.swift */; };
		259C67FF24161919003668EC /* SceneDelegate.swift in Sources */ = {isa = PBXBuildFile; fileRef = 259C67FE24161919003668EC /* SceneDelegate.swift */; };
		259C680124161919003668EC /* ViewController.swift in Sources */ = {isa = PBXBuildFile; fileRef = 259C680024161919003668EC /* ViewController.swift */; };
		259C680424161919003668EC /* Main.storyboard in Resources */ = {isa = PBXBuildFile; fileRef = 259C680224161919003668EC /* Main.storyboard */; };
		259C68062416191A003668EC /* Assets.xcassets in Resources */ = {isa = PBXBuildFile; fileRef = 259C68052416191A003668EC /* Assets.xcassets */; };
		259C68092416191A003668EC /* LaunchScreen.storyboard in Resources */ = {isa = PBXBuildFile; fileRef = 259C68072416191A003668EC /* LaunchScreen.storyboard */; };
		259C681E24161947003668EC /* mxw_sdk_framework_swift.framework in Frameworks */ = {isa = PBXBuildFile; fileRef = 259C681524161947003668EC /* mxw_sdk_framework_swift.framework */; };
		259C682724161947003668EC /* mxw_sdk_framework_swift.h in Headers */ = {isa = PBXBuildFile; fileRef = 259C681724161947003668EC /* mxw_sdk_framework_swift.h */; settings = {ATTRIBUTES = (Public, ); }; };
		259C682A24161947003668EC /* mxw_sdk_framework_swift.framework in Frameworks */ = {isa = PBXBuildFile; fileRef = 259C681524161947003668EC /* mxw_sdk_framework_swift.framework */; };
		259C682B24161947003668EC /* mxw_sdk_framework_swift.framework in Embed Frameworks */ = {isa = PBXBuildFile; fileRef = 259C681524161947003668EC /* mxw_sdk_framework_swift.framework */; settings = {ATTRIBUTES = (CodeSignOnCopy, RemoveHeadersOnCopy, ); }; };
		259C68362416196A003668EC /* Bech32.swift in Sources */ = {isa = PBXBuildFile; fileRef = 259C68352416196A003668EC /* Bech32.swift */; };
		259C683824161C6F003668EC /* Bech32Test.swift in Sources */ = {isa = PBXBuildFile; fileRef = 259C683724161C6F003668EC /* Bech32Test.swift */; };
		259C684D24161D8C003668EC /* Bytes.swift in Sources */ = {isa = PBXBuildFile; fileRef = 259C684C24161D8C003668EC /* Bytes.swift */; };
		259C685524161DFE003668EC /* Constants+Extensions.swift in Sources */ = {isa = PBXBuildFile; fileRef = 259C685424161DFE003668EC /* Constants+Extensions.swift */; };
		259C685824161E4C003668EC /* BytesTest.swift in Sources */ = {isa = PBXBuildFile; fileRef = 259C685724161E4C003668EC /* BytesTest.swift */; };
		259C685F24162FFC003668EC /* Base64s.swift in Sources */ = {isa = PBXBuildFile; fileRef = 259C685A24162FFB003668EC /* Base64s.swift */; };
		259C686024162FFC003668EC /* Convert.swift in Sources */ = {isa = PBXBuildFile; fileRef = 259C685B24162FFB003668EC /* Convert.swift */; };
		259C686124162FFC003668EC /* String.swift in Sources */ = {isa = PBXBuildFile; fileRef = 259C685C24162FFC003668EC /* String.swift */; };
		259C686624163BD1003668EC /* ConvertTest.swift in Sources */ = {isa = PBXBuildFile; fileRef = 259C686524163BD1003668EC /* ConvertTest.swift */; };
		259C686E24172B09003668EC /* Base64sTest.swift in Sources */ = {isa = PBXBuildFile; fileRef = 259C686D24172B09003668EC /* Base64sTest.swift */; };
		259C687224172B40003668EC /* Numerics.swift in Sources */ = {isa = PBXBuildFile; fileRef = 259C687124172B40003668EC /* Numerics.swift */; };
		259C6874241733F9003668EC /* NumericsTest.swift in Sources */ = {isa = PBXBuildFile; fileRef = 259C6873241733F9003668EC /* NumericsTest.swift */; };
		259C687D2419E361003668EC /* Network.swift in Sources */ = {isa = PBXBuildFile; fileRef = 259C687C2419E361003668EC /* Network.swift */; };
		259C687F241A0AD7003668EC /* Wallet.swift in Sources */ = {isa = PBXBuildFile; fileRef = 259C687E241A0AD7003668EC /* Wallet.swift */; };
		259C6882241A0B7A003668EC /* Provider.swift in Sources */ = {isa = PBXBuildFile; fileRef = 259C6881241A0B7A003668EC /* Provider.swift */; };
		259C688F241B1F1D003668EC /* Address.swift in Sources */ = {isa = PBXBuildFile; fileRef = 259C688E241B1F1D003668EC /* Address.swift */; };
		259C6891241B28D5003668EC /* SigningKey.swift in Sources */ = {isa = PBXBuildFile; fileRef = 259C6890241B28D5003668EC /* SigningKey.swift */; };
		259C6897241B3E84003668EC /* BlockTag.swift in Sources */ = {isa = PBXBuildFile; fileRef = 259C6896241B3E84003668EC /* BlockTag.swift */; };
		259C689A241B5496003668EC /* BlockTagNumber.swift in Sources */ = {isa = PBXBuildFile; fileRef = 259C6899241B5496003668EC /* BlockTagNumber.swift */; };
		259C689C241B6091003668EC /* Sign.swift in Sources */ = {isa = PBXBuildFile; fileRef = 259C689B241B6091003668EC /* Sign.swift */; };
		259C68A3241F1D4E003668EC /* KycWhiteListModel.swift in Sources */ = {isa = PBXBuildFile; fileRef = 259C68A2241F1D4E003668EC /* KycWhiteListModel.swift */; };
		259C68A5241F1F56003668EC /* KycWhiteList.swift in Sources */ = {isa = PBXBuildFile; fileRef = 259C68A4241F1F56003668EC /* KycWhiteList.swift */; };
		259C68A7241F1F6F003668EC /* KycAddress.swift in Sources */ = {isa = PBXBuildFile; fileRef = 259C68A6241F1F6F003668EC /* KycAddress.swift */; };
		259C68AA241F4B27003668EC /* AES.swift in Sources */ = {isa = PBXBuildFile; fileRef = 259C68A9241F4B27003668EC /* AES.swift */; };
		259C68AC241F4B66003668EC /* Utils.swift in Sources */ = {isa = PBXBuildFile; fileRef = 259C68AB241F4B66003668EC /* Utils.swift */; };
		259C68AE241F4B82003668EC /* BlockCipher.swift in Sources */ = {isa = PBXBuildFile; fileRef = 259C68AD241F4B82003668EC /* BlockCipher.swift */; };
		259C68B0241F4BC3003668EC /* Cipher.swift in Sources */ = {isa = PBXBuildFile; fileRef = 259C68AF241F4BC3003668EC /* Cipher.swift */; };
		259C68B2241F4BFB003668EC /* Array+Extension.swift in Sources */ = {isa = PBXBuildFile; fileRef = 259C68B1241F4BFB003668EC /* Array+Extension.swift */; };
		259C68C1241F4C47003668EC /* BlockModeOptions.swift in Sources */ = {isa = PBXBuildFile; fileRef = 259C68B6241F4C47003668EC /* BlockModeOptions.swift */; };
		259C68C7241F4C47003668EC /* BlockMode.swift in Sources */ = {isa = PBXBuildFile; fileRef = 259C68BC241F4C47003668EC /* BlockMode.swift */; };
		259C68C9241F4C47003668EC /* CipherModeWorker.swift in Sources */ = {isa = PBXBuildFile; fileRef = 259C68BE241F4C47003668EC /* CipherModeWorker.swift */; };
		259C68CD241F4CE9003668EC /* SecureBytes.swift in Sources */ = {isa = PBXBuildFile; fileRef = 259C68CC241F4CE9003668EC /* SecureBytes.swift */; };
		259C68CF241F4D1A003668EC /* Digest.swift in Sources */ = {isa = PBXBuildFile; fileRef = 259C68CE241F4D1A003668EC /* Digest.swift */; };
		259C68D1241F4D3C003668EC /* SHA3.swift in Sources */ = {isa = PBXBuildFile; fileRef = 259C68D0241F4D3C003668EC /* SHA3.swift */; };
		259C68D3241F4D5B003668EC /* DigestType.swift in Sources */ = {isa = PBXBuildFile; fileRef = 259C68D2241F4D5B003668EC /* DigestType.swift */; };
		259C68D5241F4DB4003668EC /* MD5.swift in Sources */ = {isa = PBXBuildFile; fileRef = 259C68D4241F4DB4003668EC /* MD5.swift */; };
		259C68D7241F4DCB003668EC /* SHA2.swift in Sources */ = {isa = PBXBuildFile; fileRef = 259C68D6241F4DCB003668EC /* SHA2.swift */; };
		259C68D9241F4DFA003668EC /* SHA1.swift in Sources */ = {isa = PBXBuildFile; fileRef = 259C68D8241F4DFA003668EC /* SHA1.swift */; };
		259C68DB241F4E1D003668EC /* Checksum.swift in Sources */ = {isa = PBXBuildFile; fileRef = 259C68DA241F4E1D003668EC /* Checksum.swift */; };
		259C68DD241F4E51003668EC /* BatchedCollection.swift in Sources */ = {isa = PBXBuildFile; fileRef = 259C68DC241F4E51003668EC /* BatchedCollection.swift */; };
		259C68DF241F4E82003668EC /* Authenticator.swift in Sources */ = {isa = PBXBuildFile; fileRef = 259C68DE241F4E82003668EC /* Authenticator.swift */; };
		259C68E1241F4EA7003668EC /* Updatable.swift in Sources */ = {isa = PBXBuildFile; fileRef = 259C68E0241F4EA7003668EC /* Updatable.swift */; };
		259C68E3241F4ED9003668EC /* Int+Extension.swift in Sources */ = {isa = PBXBuildFile; fileRef = 259C68E2241F4ED9003668EC /* Int+Extension.swift */; };
		259C68E5241F4EF6003668EC /* Generics.swift in Sources */ = {isa = PBXBuildFile; fileRef = 259C68E4241F4EF6003668EC /* Generics.swift */; };
		259C68E7241F4F7F003668EC /* Padding.swift in Sources */ = {isa = PBXBuildFile; fileRef = 259C68E6241F4F7F003668EC /* Padding.swift */; };
		259C68E9241F4FDF003668EC /* ZeroPadding.swift in Sources */ = {isa = PBXBuildFile; fileRef = 259C68E8241F4FDF003668EC /* ZeroPadding.swift */; };
		259C68EC241F5018003668EC /* PKCS7.swift in Sources */ = {isa = PBXBuildFile; fileRef = 259C68EA241F5018003668EC /* PKCS7.swift */; };
		259C68ED241F5018003668EC /* PKCS5.swift in Sources */ = {isa = PBXBuildFile; fileRef = 259C68EB241F5018003668EC /* PKCS5.swift */; };
		259C68EF241F503B003668EC /* PKCS7Padding.swift in Sources */ = {isa = PBXBuildFile; fileRef = 259C68EE241F503B003668EC /* PKCS7Padding.swift */; };
		259C68F1241F5080003668EC /* ISO78164Padding.swift in Sources */ = {isa = PBXBuildFile; fileRef = 259C68F0241F5080003668EC /* ISO78164Padding.swift */; };
		259C68F5241F621B003668EC /* AES.Cryptors.swift in Sources */ = {isa = PBXBuildFile; fileRef = 259C68F4241F621B003668EC /* AES.Cryptors.swift */; };
		259C68F9241F626F003668EC /* Cryptor.swift in Sources */ = {isa = PBXBuildFile; fileRef = 259C68F8241F626F003668EC /* Cryptor.swift */; };
		259C68FB241F62AF003668EC /* UInt32+Extension.swift in Sources */ = {isa = PBXBuildFile; fileRef = 259C68FA241F62AF003668EC /* UInt32+Extension.swift */; };
		259C68FD241F62F4003668EC /* Cryptors.swift in Sources */ = {isa = PBXBuildFile; fileRef = 259C68FC241F62F4003668EC /* Cryptors.swift */; };
		259C68FF241F634C003668EC /* StreamDecryptor.swift in Sources */ = {isa = PBXBuildFile; fileRef = 259C68FE241F634C003668EC /* StreamDecryptor.swift */; };
		259C6901241F638D003668EC /* BlockEncryptor.swift in Sources */ = {isa = PBXBuildFile; fileRef = 259C6900241F638D003668EC /* BlockEncryptor.swift */; };
		259C6903241F645D003668EC /* BlockDecryptor.swift in Sources */ = {isa = PBXBuildFile; fileRef = 259C6902241F645D003668EC /* BlockDecryptor.swift */; };
		259C6905241F64A2003668EC /* StreamEncryptor.swift in Sources */ = {isa = PBXBuildFile; fileRef = 259C6904241F64A2003668EC /* StreamEncryptor.swift */; };
		259C6907241F64CE003668EC /* UInt64+Extension.swift in Sources */ = {isa = PBXBuildFile; fileRef = 259C6906241F64CE003668EC /* UInt64+Extension.swift */; };
		259C6909241F659C003668EC /* Collection+Extension.swift in Sources */ = {isa = PBXBuildFile; fileRef = 259C6908241F659C003668EC /* Collection+Extension.swift */; };
		259C690D241F67BE003668EC /* CBC.swift in Sources */ = {isa = PBXBuildFile; fileRef = 259C690C241F67BE003668EC /* CBC.swift */; };

/* End PBXBuildFile section */

/* Begin PBXContainerItemProxy section */
		259C681F24161947003668EC /* PBXContainerItemProxy */ = {
			isa = PBXContainerItemProxy;
			containerPortal = 259C67F124161919003668EC /* Project object */;
			proxyType = 1;
			remoteGlobalIDString = 259C681424161947003668EC;
			remoteInfo = "mxw-sdk-framework-swift";
		};
		259C682124161947003668EC /* PBXContainerItemProxy */ = {
			isa = PBXContainerItemProxy;
			containerPortal = 259C67F124161919003668EC /* Project object */;
			proxyType = 1;
			remoteGlobalIDString = 259C67F824161919003668EC;
			remoteInfo = "mxw-sdk-swift";
		};
		259C682824161947003668EC /* PBXContainerItemProxy */ = {
			isa = PBXContainerItemProxy;
			containerPortal = 259C67F124161919003668EC /* Project object */;
			proxyType = 1;
			remoteGlobalIDString = 259C681424161947003668EC;
			remoteInfo = "mxw-sdk-framework-swift";
		};
/* End PBXContainerItemProxy section */

/* Begin PBXCopyFilesBuildPhase section */
		252AC354242852AB00083C0D /* Embed Frameworks */ = {
			isa = PBXCopyFilesBuildPhase;
			buildActionMask = 2147483647;
			dstPath = "";
			dstSubfolderSpec = 10;
			files = (
				252AC353242852AB00083C0D /* secp256k1.framework in Embed Frameworks */,
				252AC35724285D3300083C0D /* SawtoothSigning.framework in Embed Frameworks */,
			);
			name = "Embed Frameworks";
			runOnlyForDeploymentPostprocessing = 0;
		};
		259C682F24161947003668EC /* Embed Frameworks */ = {
			isa = PBXCopyFilesBuildPhase;
			buildActionMask = 2147483647;
			dstPath = "";
			dstSubfolderSpec = 10;
			files = (
				259C682B24161947003668EC /* mxw_sdk_framework_swift.framework in Embed Frameworks */,
			);
			name = "Embed Frameworks";
			runOnlyForDeploymentPostprocessing = 0;
		};
/* End PBXCopyFilesBuildPhase section */

/* Begin PBXFileReference section */
		2515F90C242B7D8200098FAD /* TransactionManager.swift */ = {isa = PBXFileReference; lastKnownFileType = sourcecode.swift; path = TransactionManager.swift; sourceTree = "<group>"; };
		2515F90E242B7DAF00098FAD /* Signer.swift */ = {isa = PBXFileReference; lastKnownFileType = sourcecode.swift; path = Signer.swift; sourceTree = "<group>"; };
		2515F911242B7DE600098FAD /* BankSend.swift */ = {isa = PBXFileReference; fileEncoding = 4; lastKnownFileType = sourcecode.swift; path = BankSend.swift; sourceTree = "<group>"; };
		2515F912242B7DE600098FAD /* BankSendBuilder.swift */ = {isa = PBXFileReference; fileEncoding = 4; lastKnownFileType = sourcecode.swift; path = BankSendBuilder.swift; sourceTree = "<group>"; };
		2515F913242B7DE600098FAD /* TransactionValueBuilder.swift */ = {isa = PBXFileReference; fileEncoding = 4; lastKnownFileType = sourcecode.swift; path = TransactionValueBuilder.swift; sourceTree = "<group>"; };
		2515F917242B7E0500098FAD /* TransactionRequest.swift */ = {isa = PBXFileReference; fileEncoding = 4; lastKnownFileType = sourcecode.swift; path = TransactionRequest.swift; sourceTree = "<group>"; };
		2515F919242B7E3C00098FAD /* Coin.swift */ = {isa = PBXFileReference; fileEncoding = 4; lastKnownFileType = sourcecode.swift; path = Coin.swift; sourceTree = "<group>"; };
		2515F91A242B7E3C00098FAD /* TransactionValue.swift */ = {isa = PBXFileReference; fileEncoding = 4; lastKnownFileType = sourcecode.swift; path = TransactionValue.swift; sourceTree = "<group>"; };
		2515F91B242B7E3C00098FAD /* TransactionResponse.swift */ = {isa = PBXFileReference; fileEncoding = 4; lastKnownFileType = sourcecode.swift; path = TransactionResponse.swift; sourceTree = "<group>"; };
		2515F91C242B7E3C00098FAD /* TransactionFee.swift */ = {isa = PBXFileReference; fileEncoding = 4; lastKnownFileType = sourcecode.swift; path = TransactionFee.swift; sourceTree = "<group>"; };
		2515F91D242B7E3C00098FAD /* TransactionMessage.swift */ = {isa = PBXFileReference; fileEncoding = 4; lastKnownFileType = sourcecode.swift; path = TransactionMessage.swift; sourceTree = "<group>"; };
		2515F923242B7F0A00098FAD /* ECKeyPair.swift */ = {isa = PBXFileReference; fileEncoding = 4; lastKnownFileType = sourcecode.swift; path = ECKeyPair.swift; sourceTree = "<group>"; };
		2515F9252430AA2D00098FAD /* Keys.swift */ = {isa = PBXFileReference; lastKnownFileType = sourcecode.swift; path = Keys.swift; sourceTree = "<group>"; };
		252AC33824231EC400083C0D /* KycData.swift */ = {isa = PBXFileReference; lastKnownFileType = sourcecode.swift; path = KycData.swift; sourceTree = "<group>"; };
		252AC33A24231F3E00083C0D /* KycWhiteListPayLoad.swift */ = {isa = PBXFileReference; lastKnownFileType = sourcecode.swift; path = KycWhiteListPayLoad.swift; sourceTree = "<group>"; };
		252AC33C242320D500083C0D /* Signature.swift */ = {isa = PBXFileReference; lastKnownFileType = sourcecode.swift; path = Signature.swift; sourceTree = "<group>"; };
		252AC340242452F300083C0D /* KycRevokeModel.swift */ = {isa = PBXFileReference; lastKnownFileType = sourcecode.swift; path = KycRevokeModel.swift; sourceTree = "<group>"; };
		252AC343242453FF00083C0D /* KycRevokePayLoad.swift */ = {isa = PBXFileReference; lastKnownFileType = sourcecode.swift; path = KycRevokePayLoad.swift; sourceTree = "<group>"; };
		252AC3452424549500083C0D /* KycRevoke.swift */ = {isa = PBXFileReference; lastKnownFileType = sourcecode.swift; path = KycRevoke.swift; sourceTree = "<group>"; };
		252AC351242852AB00083C0D /* secp256k1.framework */ = {isa = PBXFileReference; lastKnownFileType = wrapper.framework; name = secp256k1.framework; path = Carthage/Build/iOS/secp256k1.framework; sourceTree = "<group>"; };
		252AC35524285D3300083C0D /* SawtoothSigning.framework */ = {isa = PBXFileReference; lastKnownFileType = wrapper.framework; name = SawtoothSigning.framework; path = Carthage/Build/iOS/SawtoothSigning.framework; sourceTree = "<group>"; };
		252AC358242861B100083C0D /* Secp256k1.swift */ = {isa = PBXFileReference; lastKnownFileType = sourcecode.swift; path = Secp256k1.swift; sourceTree = "<group>"; };
		256DAD5E24343F3E00936CC5 /* SECP256k1Test.swift */ = {isa = PBXFileReference; lastKnownFileType = sourcecode.swift; path = SECP256k1Test.swift; sourceTree = "<group>"; };
		259C67F924161919003668EC /* mxw-sdk-swift.app */ = {isa = PBXFileReference; explicitFileType = wrapper.application; includeInIndex = 0; path = "mxw-sdk-swift.app"; sourceTree = BUILT_PRODUCTS_DIR; };
		259C67FC24161919003668EC /* AppDelegate.swift */ = {isa = PBXFileReference; lastKnownFileType = sourcecode.swift; path = AppDelegate.swift; sourceTree = "<group>"; };
		259C67FE24161919003668EC /* SceneDelegate.swift */ = {isa = PBXFileReference; lastKnownFileType = sourcecode.swift; path = SceneDelegate.swift; sourceTree = "<group>"; };
		259C680024161919003668EC /* ViewController.swift */ = {isa = PBXFileReference; lastKnownFileType = sourcecode.swift; path = ViewController.swift; sourceTree = "<group>"; };
		259C680324161919003668EC /* Base */ = {isa = PBXFileReference; lastKnownFileType = file.storyboard; name = Base; path = Base.lproj/Main.storyboard; sourceTree = "<group>"; };
		259C68052416191A003668EC /* Assets.xcassets */ = {isa = PBXFileReference; lastKnownFileType = folder.assetcatalog; path = Assets.xcassets; sourceTree = "<group>"; };
		259C68082416191A003668EC /* Base */ = {isa = PBXFileReference; lastKnownFileType = file.storyboard; name = Base; path = Base.lproj/LaunchScreen.storyboard; sourceTree = "<group>"; };
		259C680A2416191A003668EC /* Info.plist */ = {isa = PBXFileReference; lastKnownFileType = text.plist.xml; path = Info.plist; sourceTree = "<group>"; };
		259C681524161947003668EC /* mxw_sdk_framework_swift.framework */ = {isa = PBXFileReference; explicitFileType = wrapper.framework; includeInIndex = 0; path = mxw_sdk_framework_swift.framework; sourceTree = BUILT_PRODUCTS_DIR; };
		259C681724161947003668EC /* mxw_sdk_framework_swift.h */ = {isa = PBXFileReference; lastKnownFileType = sourcecode.c.h; path = mxw_sdk_framework_swift.h; sourceTree = "<group>"; };
		259C681824161947003668EC /* Info.plist */ = {isa = PBXFileReference; lastKnownFileType = text.plist.xml; path = Info.plist; sourceTree = "<group>"; };
		259C681D24161947003668EC /* mxw-sdk-framework-swiftTests.xctest */ = {isa = PBXFileReference; explicitFileType = wrapper.cfbundle; includeInIndex = 0; path = "mxw-sdk-framework-swiftTests.xctest"; sourceTree = BUILT_PRODUCTS_DIR; };
		259C682624161947003668EC /* Info.plist */ = {isa = PBXFileReference; lastKnownFileType = text.plist.xml; path = Info.plist; sourceTree = "<group>"; };
		259C68352416196A003668EC /* Bech32.swift */ = {isa = PBXFileReference; lastKnownFileType = sourcecode.swift; path = Bech32.swift; sourceTree = "<group>"; };
		259C683724161C6F003668EC /* Bech32Test.swift */ = {isa = PBXFileReference; lastKnownFileType = sourcecode.swift; path = Bech32Test.swift; sourceTree = "<group>"; };
		259C684C24161D8C003668EC /* Bytes.swift */ = {isa = PBXFileReference; lastKnownFileType = sourcecode.swift; path = Bytes.swift; sourceTree = "<group>"; };
		259C685424161DFE003668EC /* Constants+Extensions.swift */ = {isa = PBXFileReference; lastKnownFileType = sourcecode.swift; path = "Constants+Extensions.swift"; sourceTree = "<group>"; };
		259C685724161E4C003668EC /* BytesTest.swift */ = {isa = PBXFileReference; lastKnownFileType = sourcecode.swift; path = BytesTest.swift; sourceTree = "<group>"; };
		259C685A24162FFB003668EC /* Base64s.swift */ = {isa = PBXFileReference; fileEncoding = 4; lastKnownFileType = sourcecode.swift; path = Base64s.swift; sourceTree = "<group>"; };
		259C685B24162FFB003668EC /* Convert.swift */ = {isa = PBXFileReference; fileEncoding = 4; lastKnownFileType = sourcecode.swift; path = Convert.swift; sourceTree = "<group>"; };
		259C685C24162FFC003668EC /* String.swift */ = {isa = PBXFileReference; fileEncoding = 4; lastKnownFileType = sourcecode.swift; path = String.swift; sourceTree = "<group>"; };
		259C686524163BD1003668EC /* ConvertTest.swift */ = {isa = PBXFileReference; lastKnownFileType = sourcecode.swift; path = ConvertTest.swift; sourceTree = "<group>"; };
		259C686D24172B09003668EC /* Base64sTest.swift */ = {isa = PBXFileReference; lastKnownFileType = sourcecode.swift; path = Base64sTest.swift; sourceTree = "<group>"; };
		259C687124172B40003668EC /* Numerics.swift */ = {isa = PBXFileReference; lastKnownFileType = sourcecode.swift; path = Numerics.swift; sourceTree = "<group>"; };
		259C6873241733F9003668EC /* NumericsTest.swift */ = {isa = PBXFileReference; lastKnownFileType = sourcecode.swift; path = NumericsTest.swift; sourceTree = "<group>"; };
		259C687C2419E361003668EC /* Network.swift */ = {isa = PBXFileReference; lastKnownFileType = sourcecode.swift; path = Network.swift; sourceTree = "<group>"; };
		259C687E241A0AD7003668EC /* Wallet.swift */ = {isa = PBXFileReference; lastKnownFileType = sourcecode.swift; path = Wallet.swift; sourceTree = "<group>"; };
		259C6881241A0B7A003668EC /* Provider.swift */ = {isa = PBXFileReference; lastKnownFileType = sourcecode.swift; path = Provider.swift; sourceTree = "<group>"; };
		259C688E241B1F1D003668EC /* Address.swift */ = {isa = PBXFileReference; fileEncoding = 4; lastKnownFileType = sourcecode.swift; path = Address.swift; sourceTree = "<group>"; };
		259C6890241B28D5003668EC /* SigningKey.swift */ = {isa = PBXFileReference; lastKnownFileType = sourcecode.swift; path = SigningKey.swift; sourceTree = "<group>"; };
		259C6896241B3E84003668EC /* BlockTag.swift */ = {isa = PBXFileReference; lastKnownFileType = sourcecode.swift; path = BlockTag.swift; sourceTree = "<group>"; };
		259C6899241B5496003668EC /* BlockTagNumber.swift */ = {isa = PBXFileReference; lastKnownFileType = sourcecode.swift; path = BlockTagNumber.swift; sourceTree = "<group>"; };
		259C689B241B6091003668EC /* Sign.swift */ = {isa = PBXFileReference; lastKnownFileType = sourcecode.swift; path = Sign.swift; sourceTree = "<group>"; };
		259C68A2241F1D4E003668EC /* KycWhiteListModel.swift */ = {isa = PBXFileReference; lastKnownFileType = sourcecode.swift; path = KycWhiteListModel.swift; sourceTree = "<group>"; };
		259C68A4241F1F56003668EC /* KycWhiteList.swift */ = {isa = PBXFileReference; lastKnownFileType = sourcecode.swift; path = KycWhiteList.swift; sourceTree = "<group>"; };
		259C68A6241F1F6F003668EC /* KycAddress.swift */ = {isa = PBXFileReference; lastKnownFileType = sourcecode.swift; path = KycAddress.swift; sourceTree = "<group>"; };
		259C68A9241F4B27003668EC /* AES.swift */ = {isa = PBXFileReference; fileEncoding = 4; lastKnownFileType = sourcecode.swift; path = AES.swift; sourceTree = "<group>"; };
		259C68AB241F4B66003668EC /* Utils.swift */ = {isa = PBXFileReference; lastKnownFileType = sourcecode.swift; path = Utils.swift; sourceTree = "<group>"; };
		259C68AD241F4B82003668EC /* BlockCipher.swift */ = {isa = PBXFileReference; lastKnownFileType = sourcecode.swift; path = BlockCipher.swift; sourceTree = "<group>"; };
		259C68AF241F4BC3003668EC /* Cipher.swift */ = {isa = PBXFileReference; lastKnownFileType = sourcecode.swift; path = Cipher.swift; sourceTree = "<group>"; };
		259C68B1241F4BFB003668EC /* Array+Extension.swift */ = {isa = PBXFileReference; lastKnownFileType = sourcecode.swift; path = "Array+Extension.swift"; sourceTree = "<group>"; };
		259C68B6241F4C47003668EC /* BlockModeOptions.swift */ = {isa = PBXFileReference; fileEncoding = 4; lastKnownFileType = sourcecode.swift; path = BlockModeOptions.swift; sourceTree = "<group>"; };
		259C68BC241F4C47003668EC /* BlockMode.swift */ = {isa = PBXFileReference; fileEncoding = 4; lastKnownFileType = sourcecode.swift; path = BlockMode.swift; sourceTree = "<group>"; };
		259C68BE241F4C47003668EC /* CipherModeWorker.swift */ = {isa = PBXFileReference; fileEncoding = 4; lastKnownFileType = sourcecode.swift; path = CipherModeWorker.swift; sourceTree = "<group>"; };
		259C68CC241F4CE9003668EC /* SecureBytes.swift */ = {isa = PBXFileReference; lastKnownFileType = sourcecode.swift; path = SecureBytes.swift; sourceTree = "<group>"; };
		259C68CE241F4D1A003668EC /* Digest.swift */ = {isa = PBXFileReference; lastKnownFileType = sourcecode.swift; path = Digest.swift; sourceTree = "<group>"; };
		259C68D0241F4D3C003668EC /* SHA3.swift */ = {isa = PBXFileReference; lastKnownFileType = sourcecode.swift; path = SHA3.swift; sourceTree = "<group>"; };
		259C68D2241F4D5B003668EC /* DigestType.swift */ = {isa = PBXFileReference; lastKnownFileType = sourcecode.swift; path = DigestType.swift; sourceTree = "<group>"; };
		259C68D4241F4DB4003668EC /* MD5.swift */ = {isa = PBXFileReference; lastKnownFileType = sourcecode.swift; path = MD5.swift; sourceTree = "<group>"; };
		259C68D6241F4DCB003668EC /* SHA2.swift */ = {isa = PBXFileReference; lastKnownFileType = sourcecode.swift; path = SHA2.swift; sourceTree = "<group>"; };
		259C68D8241F4DFA003668EC /* SHA1.swift */ = {isa = PBXFileReference; lastKnownFileType = sourcecode.swift; path = SHA1.swift; sourceTree = "<group>"; };
		259C68DA241F4E1D003668EC /* Checksum.swift */ = {isa = PBXFileReference; lastKnownFileType = sourcecode.swift; path = Checksum.swift; sourceTree = "<group>"; };
		259C68DC241F4E51003668EC /* BatchedCollection.swift */ = {isa = PBXFileReference; lastKnownFileType = sourcecode.swift; path = BatchedCollection.swift; sourceTree = "<group>"; };
		259C68DE241F4E82003668EC /* Authenticator.swift */ = {isa = PBXFileReference; lastKnownFileType = sourcecode.swift; path = Authenticator.swift; sourceTree = "<group>"; };
		259C68E0241F4EA7003668EC /* Updatable.swift */ = {isa = PBXFileReference; lastKnownFileType = sourcecode.swift; path = Updatable.swift; sourceTree = "<group>"; };
		259C68E2241F4ED9003668EC /* Int+Extension.swift */ = {isa = PBXFileReference; lastKnownFileType = sourcecode.swift; path = "Int+Extension.swift"; sourceTree = "<group>"; };
		259C68E4241F4EF6003668EC /* Generics.swift */ = {isa = PBXFileReference; lastKnownFileType = sourcecode.swift; path = Generics.swift; sourceTree = "<group>"; };
		259C68E6241F4F7F003668EC /* Padding.swift */ = {isa = PBXFileReference; lastKnownFileType = sourcecode.swift; path = Padding.swift; sourceTree = "<group>"; };
		259C68E8241F4FDF003668EC /* ZeroPadding.swift */ = {isa = PBXFileReference; lastKnownFileType = sourcecode.swift; path = ZeroPadding.swift; sourceTree = "<group>"; };
		259C68EA241F5018003668EC /* PKCS7.swift */ = {isa = PBXFileReference; fileEncoding = 4; lastKnownFileType = sourcecode.swift; path = PKCS7.swift; sourceTree = "<group>"; };
		259C68EB241F5018003668EC /* PKCS5.swift */ = {isa = PBXFileReference; fileEncoding = 4; lastKnownFileType = sourcecode.swift; path = PKCS5.swift; sourceTree = "<group>"; };
		259C68EE241F503B003668EC /* PKCS7Padding.swift */ = {isa = PBXFileReference; lastKnownFileType = sourcecode.swift; path = PKCS7Padding.swift; sourceTree = "<group>"; };
		259C68F0241F5080003668EC /* ISO78164Padding.swift */ = {isa = PBXFileReference; lastKnownFileType = sourcecode.swift; path = ISO78164Padding.swift; sourceTree = "<group>"; };
		259C68F4241F621B003668EC /* AES.Cryptors.swift */ = {isa = PBXFileReference; fileEncoding = 4; lastKnownFileType = sourcecode.swift; path = AES.Cryptors.swift; sourceTree = "<group>"; };
		259C68F8241F626F003668EC /* Cryptor.swift */ = {isa = PBXFileReference; lastKnownFileType = sourcecode.swift; path = Cryptor.swift; sourceTree = "<group>"; };
		259C68FA241F62AF003668EC /* UInt32+Extension.swift */ = {isa = PBXFileReference; lastKnownFileType = sourcecode.swift; path = "UInt32+Extension.swift"; sourceTree = "<group>"; };
		259C68FC241F62F4003668EC /* Cryptors.swift */ = {isa = PBXFileReference; lastKnownFileType = sourcecode.swift; path = Cryptors.swift; sourceTree = "<group>"; };
		259C68FE241F634C003668EC /* StreamDecryptor.swift */ = {isa = PBXFileReference; lastKnownFileType = sourcecode.swift; path = StreamDecryptor.swift; sourceTree = "<group>"; };
		259C6900241F638D003668EC /* BlockEncryptor.swift */ = {isa = PBXFileReference; lastKnownFileType = sourcecode.swift; path = BlockEncryptor.swift; sourceTree = "<group>"; };
		259C6902241F645D003668EC /* BlockDecryptor.swift */ = {isa = PBXFileReference; lastKnownFileType = sourcecode.swift; path = BlockDecryptor.swift; sourceTree = "<group>"; };
		259C6904241F64A2003668EC /* StreamEncryptor.swift */ = {isa = PBXFileReference; lastKnownFileType = sourcecode.swift; path = StreamEncryptor.swift; sourceTree = "<group>"; };
		259C6906241F64CE003668EC /* UInt64+Extension.swift */ = {isa = PBXFileReference; lastKnownFileType = sourcecode.swift; path = "UInt64+Extension.swift"; sourceTree = "<group>"; };
		259C6908241F659C003668EC /* Collection+Extension.swift */ = {isa = PBXFileReference; lastKnownFileType = sourcecode.swift; path = "Collection+Extension.swift"; sourceTree = "<group>"; };
		259C690C241F67BE003668EC /* CBC.swift */ = {isa = PBXFileReference; lastKnownFileType = sourcecode.swift; path = CBC.swift; sourceTree = "<group>"; };

/* End PBXFileReference section */

/* Begin PBXFrameworksBuildPhase section */
		259C67F624161919003668EC /* Frameworks */ = {
			isa = PBXFrameworksBuildPhase;
			buildActionMask = 2147483647;
			files = (
				259C682A24161947003668EC /* mxw_sdk_framework_swift.framework in Frameworks */,
			);
			runOnlyForDeploymentPostprocessing = 0;
		};
		259C681224161947003668EC /* Frameworks */ = {
			isa = PBXFrameworksBuildPhase;
			buildActionMask = 2147483647;
			files = (
				252AC352242852AB00083C0D /* secp256k1.framework in Frameworks */,
				252AC35624285D3300083C0D /* SawtoothSigning.framework in Frameworks */,
			);
			runOnlyForDeploymentPostprocessing = 0;
		};
		259C681A24161947003668EC /* Frameworks */ = {
			isa = PBXFrameworksBuildPhase;
			buildActionMask = 2147483647;
			files = (
				259C681E24161947003668EC /* mxw_sdk_framework_swift.framework in Frameworks */,
			);
			runOnlyForDeploymentPostprocessing = 0;
		};
/* End PBXFrameworksBuildPhase section */

/* Begin PBXGroup section */
		2515F910242B7DD700098FAD /* messages */ = {
			isa = PBXGroup;
			children = (
				2515F911242B7DE600098FAD /* BankSend.swift */,
				2515F912242B7DE600098FAD /* BankSendBuilder.swift */,
				2515F913242B7DE600098FAD /* TransactionValueBuilder.swift */,
			);
			path = messages;
			sourceTree = "<group>";
		};
		252AC350242852AB00083C0D /* Frameworks */ = {
			isa = PBXGroup;
			children = (
				252AC35524285D3300083C0D /* SawtoothSigning.framework */,
				252AC351242852AB00083C0D /* secp256k1.framework */,
			);
			name = Frameworks;
			sourceTree = "<group>";
		};
		259C67F024161919003668EC = {
			isa = PBXGroup;
			children = (
				259C67FB24161919003668EC /* mxw-sdk-swift */,
				259C681624161947003668EC /* mxw-sdk-framework-swift */,
				259C682324161947003668EC /* mxw-sdk-framework-swiftTests */,
				259C67FA24161919003668EC /* Products */,
				252AC350242852AB00083C0D /* Frameworks */,
			);
			sourceTree = "<group>";
		};
		259C67FA24161919003668EC /* Products */ = {
			isa = PBXGroup;
			children = (
				259C67F924161919003668EC /* mxw-sdk-swift.app */,
				259C681524161947003668EC /* mxw_sdk_framework_swift.framework */,
				259C681D24161947003668EC /* mxw-sdk-framework-swiftTests.xctest */,
			);
			name = Products;
			sourceTree = "<group>";
		};
		259C67FB24161919003668EC /* mxw-sdk-swift */ = {
			isa = PBXGroup;
			children = (
				259C67FC24161919003668EC /* AppDelegate.swift */,
				259C67FE24161919003668EC /* SceneDelegate.swift */,
				259C680024161919003668EC /* ViewController.swift */,
				259C680224161919003668EC /* Main.storyboard */,
				259C68052416191A003668EC /* Assets.xcassets */,
				259C68072416191A003668EC /* LaunchScreen.storyboard */,
				259C680A2416191A003668EC /* Info.plist */,
			);
			path = "mxw-sdk-swift";
			sourceTree = "<group>";
		};
		259C681624161947003668EC /* mxw-sdk-framework-swift */ = {
			isa = PBXGroup;
			children = (
				259C683324161950003668EC /* crypto */,
				259C687B2419E347003668EC /* networks */,
				259C6894241B3E57003668EC /* protocol */,
				259C6880241A0B41003668EC /* providers */,
				259C683924161C7F003668EC /* utils */,
				259C685424161DFE003668EC /* Constants+Extensions.swift */,
				259C681824161947003668EC /* Info.plist */,
				259C681724161947003668EC /* mxw_sdk_framework_swift.h */,
				2515F90C242B7D8200098FAD /* TransactionManager.swift */,
				2515F90E242B7DAF00098FAD /* Signer.swift */,
				259C687E241A0AD7003668EC /* Wallet.swift */,
			);
			path = "mxw-sdk-framework-swift";
			sourceTree = "<group>";
		};
		259C682324161947003668EC /* mxw-sdk-framework-swiftTests */ = {
			isa = PBXGroup;
			children = (
				259C683424161955003668EC /* crypto */,
				259C685624161E3B003668EC /* utils */,
				259C682624161947003668EC /* Info.plist */,
			);
			path = "mxw-sdk-framework-swiftTests";
			sourceTree = "<group>";
		};
		259C683324161950003668EC /* crypto */ = {
			isa = PBXGroup;
			children = (
				259C68A8241F4B0D003668EC /* AES */,
				259C68352416196A003668EC /* Bech32.swift */,
				2515F9252430AA2D00098FAD /* Keys.swift */,
				2515F923242B7F0A00098FAD /* ECKeyPair.swift */,
				259C6890241B28D5003668EC /* SigningKey.swift */,
				252AC358242861B100083C0D /* Secp256k1.swift */,
				259C689B241B6091003668EC /* Sign.swift */,
			);
			path = crypto;
			sourceTree = "<group>";
		};
		259C683424161955003668EC /* crypto */ = {
			isa = PBXGroup;
			children = (
				259C683724161C6F003668EC /* Bech32Test.swift */,
				256DAD5E24343F3E00936CC5 /* SECP256k1Test.swift */,
			);
			path = crypto;
			sourceTree = "<group>";
		};
		259C683924161C7F003668EC /* utils */ = {
			isa = PBXGroup;
			children = (
				259C688E241B1F1D003668EC /* Address.swift */,
				259C684C24161D8C003668EC /* Bytes.swift */,
				259C685A24162FFB003668EC /* Base64s.swift */,
				259C685B24162FFB003668EC /* Convert.swift */,
				259C687124172B40003668EC /* Numerics.swift */,
				259C685C24162FFC003668EC /* String.swift */,
			);
			path = utils;
			sourceTree = "<group>";
		};
		259C685624161E3B003668EC /* utils */ = {
			isa = PBXGroup;
			children = (
				259C686D24172B09003668EC /* Base64sTest.swift */,
				259C6873241733F9003668EC /* NumericsTest.swift */,
				259C685724161E4C003668EC /* BytesTest.swift */,
				259C686524163BD1003668EC /* ConvertTest.swift */,
			);
			path = utils;
			sourceTree = "<group>";
		};
		259C687B2419E347003668EC /* networks */ = {
			isa = PBXGroup;
			children = (
				259C687C2419E361003668EC /* Network.swift */,
			);
			path = networks;
			sourceTree = "<group>";
		};
		259C6880241A0B41003668EC /* providers */ = {
			isa = PBXGroup;
			children = (
				259C6881241A0B7A003668EC /* Provider.swift */,
			);
			path = providers;
			sourceTree = "<group>";
		};
		259C6894241B3E57003668EC /* protocol */ = {
			isa = PBXGroup;
			children = (
				259C6898241B5488003668EC /* response */,
				259C6895241B3E76003668EC /* request */,
			);
			path = protocol;
			sourceTree = "<group>";
		};
		259C6895241B3E76003668EC /* request */ = {
			isa = PBXGroup;
			children = (
				2515F910242B7DD700098FAD /* messages */,
				259C6899241B5496003668EC /* BlockTagNumber.swift */,
				259C6896241B3E84003668EC /* BlockTag.swift */,
				2515F917242B7E0500098FAD /* TransactionRequest.swift */,
			);
			path = request;
			sourceTree = "<group>";
		};
		259C6898241B5488003668EC /* response */ = {
			isa = PBXGroup;
			children = (
				259C68A1241F1D31003668EC /* kyc */,
				2515F919242B7E3C00098FAD /* Coin.swift */,
				252AC33C242320D500083C0D /* Signature.swift */,
				2515F91C242B7E3C00098FAD /* TransactionFee.swift */,
				2515F91D242B7E3C00098FAD /* TransactionMessage.swift */,
				2515F91B242B7E3C00098FAD /* TransactionResponse.swift */,
				2515F91A242B7E3C00098FAD /* TransactionValue.swift */,
			);
			path = response;
			sourceTree = "<group>";
		};
		259C68A1241F1D31003668EC /* kyc */ = {
			isa = PBXGroup;
			children = (
				259C68A6241F1F6F003668EC /* KycAddress.swift */,
				252AC33824231EC400083C0D /* KycData.swift */,
				252AC3452424549500083C0D /* KycRevoke.swift */,
				252AC340242452F300083C0D /* KycRevokeModel.swift */,
				252AC343242453FF00083C0D /* KycRevokePayLoad.swift */,
				259C68A4241F1F56003668EC /* KycWhiteList.swift */,
				259C68A2241F1D4E003668EC /* KycWhiteListModel.swift */,
				252AC33A24231F3E00083C0D /* KycWhiteListPayLoad.swift */,
			);
			path = kyc;
			sourceTree = "<group>";
		};
		259C68A8241F4B0D003668EC /* AES */ = {
			isa = PBXGroup;
			children = (
				259C68F4241F621B003668EC /* AES.Cryptors.swift */,
				259C68A9241F4B27003668EC /* AES.swift */,
				259C68B1241F4BFB003668EC /* Array+Extension.swift */,
				259C68DE241F4E82003668EC /* Authenticator.swift */,
				259C68DC241F4E51003668EC /* BatchedCollection.swift */,
				259C68AD241F4B82003668EC /* BlockCipher.swift */,
				259C6900241F638D003668EC /* BlockEncryptor.swift */,
				259C68B5241F4C47003668EC /* BlockMode */,
				259C68DA241F4E1D003668EC /* Checksum.swift */,
				259C68AF241F4BC3003668EC /* Cipher.swift */,
				259C68F8241F626F003668EC /* Cryptor.swift */,
				259C68FC241F62F4003668EC /* Cryptors.swift */,
				259C68CE241F4D1A003668EC /* Digest.swift */,
				259C68D2241F4D5B003668EC /* DigestType.swift */,
				259C68E4241F4EF6003668EC /* Generics.swift */,
				259C68E2241F4ED9003668EC /* Int+Extension.swift */,
				259C68F0241F5080003668EC /* ISO78164Padding.swift */,
				259C68D4241F4DB4003668EC /* MD5.swift */,
				259C68E6241F4F7F003668EC /* Padding.swift */,
				259C68EB241F5018003668EC /* PKCS5.swift */,
				259C68EA241F5018003668EC /* PKCS7.swift */,
				259C68EE241F503B003668EC /* PKCS7Padding.swift */,
				259C68CC241F4CE9003668EC /* SecureBytes.swift */,
				259C68D8241F4DFA003668EC /* SHA1.swift */,
				259C68D6241F4DCB003668EC /* SHA2.swift */,
				259C68D0241F4D3C003668EC /* SHA3.swift */,
				259C68FE241F634C003668EC /* StreamDecryptor.swift */,
				259C68FA241F62AF003668EC /* UInt32+Extension.swift */,
				259C68E0241F4EA7003668EC /* Updatable.swift */,
				259C68AB241F4B66003668EC /* Utils.swift */,
				259C68E8241F4FDF003668EC /* ZeroPadding.swift */,
				259C6902241F645D003668EC /* BlockDecryptor.swift */,
				259C6904241F64A2003668EC /* StreamEncryptor.swift */,
				259C6906241F64CE003668EC /* UInt64+Extension.swift */,
				259C6908241F659C003668EC /* Collection+Extension.swift */,
			);
			path = AES;
			sourceTree = "<group>";
		};
		259C68B5241F4C47003668EC /* BlockMode */ = {
			isa = PBXGroup;
			children = (
				259C68B6241F4C47003668EC /* BlockModeOptions.swift */,
				259C68BC241F4C47003668EC /* BlockMode.swift */,
				259C68BE241F4C47003668EC /* CipherModeWorker.swift */,
				259C690C241F67BE003668EC /* CBC.swift */,
			);
			path = BlockMode;
			sourceTree = "<group>";
		};

/* End PBXGroup section */

/* Begin PBXHeadersBuildPhase section */
		259C681024161947003668EC /* Headers */ = {
			isa = PBXHeadersBuildPhase;
			buildActionMask = 2147483647;
			files = (
				259C682724161947003668EC /* mxw_sdk_framework_swift.h in Headers */,
			);
			runOnlyForDeploymentPostprocessing = 0;
		};
/* End PBXHeadersBuildPhase section */

/* Begin PBXNativeTarget section */
		259C67F824161919003668EC /* mxw-sdk-swift */ = {
			isa = PBXNativeTarget;
			buildConfigurationList = 259C680D2416191A003668EC /* Build configuration list for PBXNativeTarget "mxw-sdk-swift" */;
			buildPhases = (
				259C67F524161919003668EC /* Sources */,
				259C67F624161919003668EC /* Frameworks */,
				259C67F724161919003668EC /* Resources */,
				259C682F24161947003668EC /* Embed Frameworks */,
			);
			buildRules = (
			);
			dependencies = (
				259C682924161947003668EC /* PBXTargetDependency */,
			);
			name = "mxw-sdk-swift";
			productName = "mxw-sdk-swift";
			productReference = 259C67F924161919003668EC /* mxw-sdk-swift.app */;
			productType = "com.apple.product-type.application";
		};
		259C681424161947003668EC /* mxw-sdk-framework-swift */ = {
			isa = PBXNativeTarget;
			buildConfigurationList = 259C682C24161947003668EC /* Build configuration list for PBXNativeTarget "mxw-sdk-framework-swift" */;
			buildPhases = (
				259C681024161947003668EC /* Headers */,
				259C681124161947003668EC /* Sources */,
				259C681224161947003668EC /* Frameworks */,
				259C681324161947003668EC /* Resources */,
				252AC354242852AB00083C0D /* Embed Frameworks */,
			);
			buildRules = (
			);
			dependencies = (
			);
			name = "mxw-sdk-framework-swift";
			productName = "mxw-sdk-framework-swift";
			productReference = 259C681524161947003668EC /* mxw_sdk_framework_swift.framework */;
			productType = "com.apple.product-type.framework";
		};
		259C681C24161947003668EC /* mxw-sdk-framework-swiftTests */ = {
			isa = PBXNativeTarget;
			buildConfigurationList = 259C683024161947003668EC /* Build configuration list for PBXNativeTarget "mxw-sdk-framework-swiftTests" */;
			buildPhases = (
				259C681924161947003668EC /* Sources */,
				259C681A24161947003668EC /* Frameworks */,
				259C681B24161947003668EC /* Resources */,
			);
			buildRules = (
			);
			dependencies = (
				259C682024161947003668EC /* PBXTargetDependency */,
				259C682224161947003668EC /* PBXTargetDependency */,
			);
			name = "mxw-sdk-framework-swiftTests";
			productName = "mxw-sdk-framework-swiftTests";
			productReference = 259C681D24161947003668EC /* mxw-sdk-framework-swiftTests.xctest */;
			productType = "com.apple.product-type.bundle.unit-test";
		};
/* End PBXNativeTarget section */

/* Begin PBXProject section */
		259C67F124161919003668EC /* Project object */ = {
			isa = PBXProject;
			attributes = {
				LastSwiftUpdateCheck = 1130;
				LastUpgradeCheck = 1130;
				ORGANIZATIONNAME = "William Loke";
				TargetAttributes = {
					259C67F824161919003668EC = {
						CreatedOnToolsVersion = 11.3.1;
					};
					259C681424161947003668EC = {
						CreatedOnToolsVersion = 11.3.1;
						LastSwiftMigration = 1130;
					};
					259C681C24161947003668EC = {
						CreatedOnToolsVersion = 11.3.1;
						TestTargetID = 259C67F824161919003668EC;
					};
				};
			};
			buildConfigurationList = 259C67F424161919003668EC /* Build configuration list for PBXProject "mxw-sdk-swift" */;
			compatibilityVersion = "Xcode 9.3";
			developmentRegion = en;
			hasScannedForEncodings = 0;
			knownRegions = (
				en,
				Base,
			);
			mainGroup = 259C67F024161919003668EC;
			productRefGroup = 259C67FA24161919003668EC /* Products */;
			projectDirPath = "";
			projectRoot = "";
			targets = (
				259C67F824161919003668EC /* mxw-sdk-swift */,
				259C681424161947003668EC /* mxw-sdk-framework-swift */,
				259C681C24161947003668EC /* mxw-sdk-framework-swiftTests */,
			);
		};
/* End PBXProject section */

/* Begin PBXResourcesBuildPhase section */
		259C67F724161919003668EC /* Resources */ = {
			isa = PBXResourcesBuildPhase;
			buildActionMask = 2147483647;
			files = (
				259C68092416191A003668EC /* LaunchScreen.storyboard in Resources */,
				259C68062416191A003668EC /* Assets.xcassets in Resources */,
				259C680424161919003668EC /* Main.storyboard in Resources */,
			);
			runOnlyForDeploymentPostprocessing = 0;
		};
		259C681324161947003668EC /* Resources */ = {
			isa = PBXResourcesBuildPhase;
			buildActionMask = 2147483647;
			files = (
			);
			runOnlyForDeploymentPostprocessing = 0;
		};
		259C681B24161947003668EC /* Resources */ = {
			isa = PBXResourcesBuildPhase;
			buildActionMask = 2147483647;
			files = (
			);
			runOnlyForDeploymentPostprocessing = 0;
		};
/* End PBXResourcesBuildPhase section */

/* Begin PBXSourcesBuildPhase section */
		259C67F524161919003668EC /* Sources */ = {
			isa = PBXSourcesBuildPhase;
			buildActionMask = 2147483647;
			files = (
				259C680124161919003668EC /* ViewController.swift in Sources */,
				259C67FD24161919003668EC /* AppDelegate.swift in Sources */,
				259C67FF24161919003668EC /* SceneDelegate.swift in Sources */,
			);
			runOnlyForDeploymentPostprocessing = 0;
		};
		259C681124161947003668EC /* Sources */ = {
			isa = PBXSourcesBuildPhase;
			buildActionMask = 2147483647;
			files = (
				259C68C1241F4C47003668EC /* BlockModeOptions.swift in Sources */,
				259C68DF241F4E82003668EC /* Authenticator.swift in Sources */,
				259C68A7241F1F6F003668EC /* KycAddress.swift in Sources */,
				259C6897241B3E84003668EC /* BlockTag.swift in Sources */,
				2515F9262430AA2D00098FAD /* Keys.swift in Sources */,
				259C689A241B5496003668EC /* BlockTagNumber.swift in Sources */,
				259C6905241F64A2003668EC /* StreamEncryptor.swift in Sources */,
				2515F920242B7E3C00098FAD /* TransactionResponse.swift in Sources */,
				259C68C9241F4C47003668EC /* CipherModeWorker.swift in Sources */,
				2515F914242B7DE600098FAD /* BankSend.swift in Sources */,
				259C68EC241F5018003668EC /* PKCS7.swift in Sources */,
				259C689C241B6091003668EC /* Sign.swift in Sources */,
				259C68A5241F1F56003668EC /* KycWhiteList.swift in Sources */,
				259C68CF241F4D1A003668EC /* Digest.swift in Sources */,
				259C6907241F64CE003668EC /* UInt64+Extension.swift in Sources */,
				2515F915242B7DE600098FAD /* BankSendBuilder.swift in Sources */,
				259C68F5241F621B003668EC /* AES.Cryptors.swift in Sources */,
				259C68D5241F4DB4003668EC /* MD5.swift in Sources */,
				252AC341242452F300083C0D /* KycRevokeModel.swift in Sources */,
				259C68FF241F634C003668EC /* StreamDecryptor.swift in Sources */,
				259C687F241A0AD7003668EC /* Wallet.swift in Sources */,
				259C68C7241F4C47003668EC /* BlockMode.swift in Sources */,
				259C68B0241F4BC3003668EC /* Cipher.swift in Sources */,
				259C68FB241F62AF003668EC /* UInt32+Extension.swift in Sources */,
				259C68D1241F4D3C003668EC /* SHA3.swift in Sources */,
				252AC359242861B100083C0D /* Secp256k1.swift in Sources */,
				259C68362416196A003668EC /* Bech32.swift in Sources */,
				259C688F241B1F1D003668EC /* Address.swift in Sources */,
				259C68D7241F4DCB003668EC /* SHA2.swift in Sources */,
				259C68DD241F4E51003668EC /* BatchedCollection.swift in Sources */,
				259C68DB241F4E1D003668EC /* Checksum.swift in Sources */,
				2515F90F242B7DAF00098FAD /* Signer.swift in Sources */,
				259C686024162FFC003668EC /* Convert.swift in Sources */,
				259C68A3241F1D4E003668EC /* KycWhiteListModel.swift in Sources */,
				259C68E1241F4EA7003668EC /* Updatable.swift in Sources */,
				259C684D24161D8C003668EC /* Bytes.swift in Sources */,
				259C68E7241F4F7F003668EC /* Padding.swift in Sources */,
				252AC33D242320D500083C0D /* Signature.swift in Sources */,
				2515F921242B7E3C00098FAD /* TransactionFee.swift in Sources */,
				259C68E5241F4EF6003668EC /* Generics.swift in Sources */,
				259C6901241F638D003668EC /* BlockEncryptor.swift in Sources */,
				259C68F9241F626F003668EC /* Cryptor.swift in Sources */,
				259C68FD241F62F4003668EC /* Cryptors.swift in Sources */,
				252AC33B24231F3E00083C0D /* KycWhiteListPayLoad.swift in Sources */,
				259C6891241B28D5003668EC /* SigningKey.swift in Sources */,
				252AC33924231EC400083C0D /* KycData.swift in Sources */,
				252AC3462424549500083C0D /* KycRevoke.swift in Sources */,
				259C68AE241F4B82003668EC /* BlockCipher.swift in Sources */,
				259C68E3241F4ED9003668EC /* Int+Extension.swift in Sources */,
				259C68E9241F4FDF003668EC /* ZeroPadding.swift in Sources */,
				259C685F24162FFC003668EC /* Base64s.swift in Sources */,
				259C686124162FFC003668EC /* String.swift in Sources */,
				259C6903241F645D003668EC /* BlockDecryptor.swift in Sources */,
				252AC344242453FF00083C0D /* KycRevokePayLoad.swift in Sources */,
				2515F922242B7E3C00098FAD /* TransactionMessage.swift in Sources */,
				259C687D2419E361003668EC /* Network.swift in Sources */,
				259C68ED241F5018003668EC /* PKCS5.swift in Sources */,
				259C68EF241F503B003668EC /* PKCS7Padding.swift in Sources */,
				259C68D9241F4DFA003668EC /* SHA1.swift in Sources */,
				259C68F1241F5080003668EC /* ISO78164Padding.swift in Sources */,
				259C685524161DFE003668EC /* Constants+Extensions.swift in Sources */,
				259C68AA241F4B27003668EC /* AES.swift in Sources */,
				259C6909241F659C003668EC /* Collection+Extension.swift in Sources */,
				2515F91F242B7E3C00098FAD /* TransactionValue.swift in Sources */,
				2515F918242B7E0500098FAD /* TransactionRequest.swift in Sources */,
				259C68D3241F4D5B003668EC /* DigestType.swift in Sources */,
				259C6882241A0B7A003668EC /* Provider.swift in Sources */,
				2515F924242B7F0A00098FAD /* ECKeyPair.swift in Sources */,
				259C68B2241F4BFB003668EC /* Array+Extension.swift in Sources */,
				259C690D241F67BE003668EC /* CBC.swift in Sources */,
				259C68CD241F4CE9003668EC /* SecureBytes.swift in Sources */,
				259C687224172B40003668EC /* Numerics.swift in Sources */,
				259C68AC241F4B66003668EC /* Utils.swift in Sources */,
				2515F916242B7DE600098FAD /* TransactionValueBuilder.swift in Sources */,
				2515F90D242B7D8200098FAD /* TransactionManager.swift in Sources */,
				2515F91E242B7E3C00098FAD /* Coin.swift in Sources */,
			);
			runOnlyForDeploymentPostprocessing = 0;
		};
		259C681924161947003668EC /* Sources */ = {
			isa = PBXSourcesBuildPhase;
			buildActionMask = 2147483647;
			files = (
				259C686E24172B09003668EC /* Base64sTest.swift in Sources */,
				259C683824161C6F003668EC /* Bech32Test.swift in Sources */,
				256DAD5F24343F3E00936CC5 /* SECP256k1Test.swift in Sources */,
				259C686624163BD1003668EC /* ConvertTest.swift in Sources */,
				259C6874241733F9003668EC /* NumericsTest.swift in Sources */,
				259C685824161E4C003668EC /* BytesTest.swift in Sources */,
			);
			runOnlyForDeploymentPostprocessing = 0;
		};
/* End PBXSourcesBuildPhase section */

/* Begin PBXTargetDependency section */
		259C682024161947003668EC /* PBXTargetDependency */ = {
			isa = PBXTargetDependency;
			target = 259C681424161947003668EC /* mxw-sdk-framework-swift */;
			targetProxy = 259C681F24161947003668EC /* PBXContainerItemProxy */;
		};
		259C682224161947003668EC /* PBXTargetDependency */ = {
			isa = PBXTargetDependency;
			target = 259C67F824161919003668EC /* mxw-sdk-swift */;
			targetProxy = 259C682124161947003668EC /* PBXContainerItemProxy */;
		};
		259C682924161947003668EC /* PBXTargetDependency */ = {
			isa = PBXTargetDependency;
			target = 259C681424161947003668EC /* mxw-sdk-framework-swift */;
			targetProxy = 259C682824161947003668EC /* PBXContainerItemProxy */;
		};
/* End PBXTargetDependency section */

/* Begin PBXVariantGroup section */
		259C680224161919003668EC /* Main.storyboard */ = {
			isa = PBXVariantGroup;
			children = (
				259C680324161919003668EC /* Base */,
			);
			name = Main.storyboard;
			sourceTree = "<group>";
		};
		259C68072416191A003668EC /* LaunchScreen.storyboard */ = {
			isa = PBXVariantGroup;
			children = (
				259C68082416191A003668EC /* Base */,
			);
			name = LaunchScreen.storyboard;
			sourceTree = "<group>";
		};
/* End PBXVariantGroup section */

/* Begin XCBuildConfiguration section */
		259C680B2416191A003668EC /* Debug */ = {
			isa = XCBuildConfiguration;
			buildSettings = {
				ALWAYS_SEARCH_USER_PATHS = NO;
				CLANG_ANALYZER_NONNULL = YES;
				CLANG_ANALYZER_NUMBER_OBJECT_CONVERSION = YES_AGGRESSIVE;
				CLANG_CXX_LANGUAGE_STANDARD = "gnu++14";
				CLANG_CXX_LIBRARY = "libc++";
				CLANG_ENABLE_MODULES = YES;
				CLANG_ENABLE_OBJC_ARC = YES;
				CLANG_ENABLE_OBJC_WEAK = YES;
				CLANG_WARN_BLOCK_CAPTURE_AUTORELEASING = YES;
				CLANG_WARN_BOOL_CONVERSION = YES;
				CLANG_WARN_COMMA = YES;
				CLANG_WARN_CONSTANT_CONVERSION = YES;
				CLANG_WARN_DEPRECATED_OBJC_IMPLEMENTATIONS = YES;
				CLANG_WARN_DIRECT_OBJC_ISA_USAGE = YES_ERROR;
				CLANG_WARN_DOCUMENTATION_COMMENTS = YES;
				CLANG_WARN_EMPTY_BODY = YES;
				CLANG_WARN_ENUM_CONVERSION = YES;
				CLANG_WARN_INFINITE_RECURSION = YES;
				CLANG_WARN_INT_CONVERSION = YES;
				CLANG_WARN_NON_LITERAL_NULL_CONVERSION = YES;
				CLANG_WARN_OBJC_IMPLICIT_RETAIN_SELF = YES;
				CLANG_WARN_OBJC_LITERAL_CONVERSION = YES;
				CLANG_WARN_OBJC_ROOT_CLASS = YES_ERROR;
				CLANG_WARN_RANGE_LOOP_ANALYSIS = YES;
				CLANG_WARN_STRICT_PROTOTYPES = YES;
				CLANG_WARN_SUSPICIOUS_MOVE = YES;
				CLANG_WARN_UNGUARDED_AVAILABILITY = YES_AGGRESSIVE;
				CLANG_WARN_UNREACHABLE_CODE = YES;
				CLANG_WARN__DUPLICATE_METHOD_MATCH = YES;
				COPY_PHASE_STRIP = NO;
				DEBUG_INFORMATION_FORMAT = dwarf;
				ENABLE_STRICT_OBJC_MSGSEND = YES;
				ENABLE_TESTABILITY = YES;
				GCC_C_LANGUAGE_STANDARD = gnu11;
				GCC_DYNAMIC_NO_PIC = NO;
				GCC_NO_COMMON_BLOCKS = YES;
				GCC_OPTIMIZATION_LEVEL = 0;
				GCC_PREPROCESSOR_DEFINITIONS = (
					"DEBUG=1",
					"$(inherited)",
				);
				GCC_WARN_64_TO_32_BIT_CONVERSION = YES;
				GCC_WARN_ABOUT_RETURN_TYPE = YES_ERROR;
				GCC_WARN_UNDECLARED_SELECTOR = YES;
				GCC_WARN_UNINITIALIZED_AUTOS = YES_AGGRESSIVE;
				GCC_WARN_UNUSED_FUNCTION = YES;
				GCC_WARN_UNUSED_VARIABLE = YES;
				IPHONEOS_DEPLOYMENT_TARGET = 13.2;
				MTL_ENABLE_DEBUG_INFO = INCLUDE_SOURCE;
				MTL_FAST_MATH = YES;
				ONLY_ACTIVE_ARCH = YES;
				SDKROOT = iphoneos;
				SWIFT_ACTIVE_COMPILATION_CONDITIONS = DEBUG;
				SWIFT_OPTIMIZATION_LEVEL = "-Onone";
			};
			name = Debug;
		};
		259C680C2416191A003668EC /* Release */ = {
			isa = XCBuildConfiguration;
			buildSettings = {
				ALWAYS_SEARCH_USER_PATHS = NO;
				CLANG_ANALYZER_NONNULL = YES;
				CLANG_ANALYZER_NUMBER_OBJECT_CONVERSION = YES_AGGRESSIVE;
				CLANG_CXX_LANGUAGE_STANDARD = "gnu++14";
				CLANG_CXX_LIBRARY = "libc++";
				CLANG_ENABLE_MODULES = YES;
				CLANG_ENABLE_OBJC_ARC = YES;
				CLANG_ENABLE_OBJC_WEAK = YES;
				CLANG_WARN_BLOCK_CAPTURE_AUTORELEASING = YES;
				CLANG_WARN_BOOL_CONVERSION = YES;
				CLANG_WARN_COMMA = YES;
				CLANG_WARN_CONSTANT_CONVERSION = YES;
				CLANG_WARN_DEPRECATED_OBJC_IMPLEMENTATIONS = YES;
				CLANG_WARN_DIRECT_OBJC_ISA_USAGE = YES_ERROR;
				CLANG_WARN_DOCUMENTATION_COMMENTS = YES;
				CLANG_WARN_EMPTY_BODY = YES;
				CLANG_WARN_ENUM_CONVERSION = YES;
				CLANG_WARN_INFINITE_RECURSION = YES;
				CLANG_WARN_INT_CONVERSION = YES;
				CLANG_WARN_NON_LITERAL_NULL_CONVERSION = YES;
				CLANG_WARN_OBJC_IMPLICIT_RETAIN_SELF = YES;
				CLANG_WARN_OBJC_LITERAL_CONVERSION = YES;
				CLANG_WARN_OBJC_ROOT_CLASS = YES_ERROR;
				CLANG_WARN_RANGE_LOOP_ANALYSIS = YES;
				CLANG_WARN_STRICT_PROTOTYPES = YES;
				CLANG_WARN_SUSPICIOUS_MOVE = YES;
				CLANG_WARN_UNGUARDED_AVAILABILITY = YES_AGGRESSIVE;
				CLANG_WARN_UNREACHABLE_CODE = YES;
				CLANG_WARN__DUPLICATE_METHOD_MATCH = YES;
				COPY_PHASE_STRIP = NO;
				DEBUG_INFORMATION_FORMAT = "dwarf-with-dsym";
				ENABLE_NS_ASSERTIONS = NO;
				ENABLE_STRICT_OBJC_MSGSEND = YES;
				GCC_C_LANGUAGE_STANDARD = gnu11;
				GCC_NO_COMMON_BLOCKS = YES;
				GCC_WARN_64_TO_32_BIT_CONVERSION = YES;
				GCC_WARN_ABOUT_RETURN_TYPE = YES_ERROR;
				GCC_WARN_UNDECLARED_SELECTOR = YES;
				GCC_WARN_UNINITIALIZED_AUTOS = YES_AGGRESSIVE;
				GCC_WARN_UNUSED_FUNCTION = YES;
				GCC_WARN_UNUSED_VARIABLE = YES;
				IPHONEOS_DEPLOYMENT_TARGET = 13.2;
				MTL_ENABLE_DEBUG_INFO = NO;
				MTL_FAST_MATH = YES;
				SDKROOT = iphoneos;
				SWIFT_COMPILATION_MODE = wholemodule;
				SWIFT_OPTIMIZATION_LEVEL = "-O";
				VALIDATE_PRODUCT = YES;
			};
			name = Release;
		};
		259C680E2416191A003668EC /* Debug */ = {
			isa = XCBuildConfiguration;
			buildSettings = {
				ALWAYS_EMBED_SWIFT_STANDARD_LIBRARIES = YES;
				ASSETCATALOG_COMPILER_APPICON_NAME = AppIcon;
				CODE_SIGN_STYLE = Automatic;
				DEVELOPMENT_TEAM = 3596BNN9SB;
				INFOPLIST_FILE = "mxw-sdk-swift/Info.plist";
				LD_RUNPATH_SEARCH_PATHS = (
					"$(inherited)",
					"@executable_path/Frameworks",
				);
				PRODUCT_BUNDLE_IDENTIFIER = "Maxonrow.mxw-sdk-swift";
				PRODUCT_NAME = "$(TARGET_NAME)";
				SWIFT_VERSION = 5.0;
				TARGETED_DEVICE_FAMILY = "1,2";
			};
			name = Debug;
		};
		259C680F2416191A003668EC /* Release */ = {
			isa = XCBuildConfiguration;
			buildSettings = {
				ALWAYS_EMBED_SWIFT_STANDARD_LIBRARIES = YES;
				ASSETCATALOG_COMPILER_APPICON_NAME = AppIcon;
				CODE_SIGN_STYLE = Automatic;
				DEVELOPMENT_TEAM = 3596BNN9SB;
				INFOPLIST_FILE = "mxw-sdk-swift/Info.plist";
				LD_RUNPATH_SEARCH_PATHS = (
					"$(inherited)",
					"@executable_path/Frameworks",
				);
				PRODUCT_BUNDLE_IDENTIFIER = "Maxonrow.mxw-sdk-swift";
				PRODUCT_NAME = "$(TARGET_NAME)";
				SWIFT_VERSION = 5.0;
				TARGETED_DEVICE_FAMILY = "1,2";
			};
			name = Release;
		};
		259C682D24161947003668EC /* Debug */ = {
			isa = XCBuildConfiguration;
			buildSettings = {
				CLANG_ENABLE_MODULES = YES;
				CODE_SIGN_STYLE = Automatic;
				CURRENT_PROJECT_VERSION = 1;
				DEFINES_MODULE = YES;
				DEVELOPMENT_TEAM = 3596BNN9SB;
				DYLIB_COMPATIBILITY_VERSION = 1;
				DYLIB_CURRENT_VERSION = 1;
				DYLIB_INSTALL_NAME_BASE = "@rpath";
				FRAMEWORK_SEARCH_PATHS = (
					"$(inherited)",
					"$(PROJECT_DIR)/Carthage/Build/iOS",
				);
				INFOPLIST_FILE = "mxw-sdk-framework-swift/Info.plist";
				INSTALL_PATH = "$(LOCAL_LIBRARY_DIR)/Frameworks";
				LD_RUNPATH_SEARCH_PATHS = (
					"$(inherited)",
					"@executable_path/Frameworks",
					"@loader_path/Frameworks",
				);
				PRODUCT_BUNDLE_IDENTIFIER = "Maxonrow.mxw-sdk-framework-swift";
				PRODUCT_NAME = "$(TARGET_NAME:c99extidentifier)";
				SKIP_INSTALL = YES;
				SWIFT_OPTIMIZATION_LEVEL = "-Onone";
				SWIFT_VERSION = 5.0;
				TARGETED_DEVICE_FAMILY = "1,2";
				VERSIONING_SYSTEM = "apple-generic";
				VERSION_INFO_PREFIX = "";
			};
			name = Debug;
		};
		259C682E24161947003668EC /* Release */ = {
			isa = XCBuildConfiguration;
			buildSettings = {
				CLANG_ENABLE_MODULES = YES;
				CODE_SIGN_STYLE = Automatic;
				CURRENT_PROJECT_VERSION = 1;
				DEFINES_MODULE = YES;
				DEVELOPMENT_TEAM = 3596BNN9SB;
				DYLIB_COMPATIBILITY_VERSION = 1;
				DYLIB_CURRENT_VERSION = 1;
				DYLIB_INSTALL_NAME_BASE = "@rpath";
				FRAMEWORK_SEARCH_PATHS = (
					"$(inherited)",
					"$(PROJECT_DIR)/Carthage/Build/iOS",
				);
				INFOPLIST_FILE = "mxw-sdk-framework-swift/Info.plist";
				INSTALL_PATH = "$(LOCAL_LIBRARY_DIR)/Frameworks";
				LD_RUNPATH_SEARCH_PATHS = (
					"$(inherited)",
					"@executable_path/Frameworks",
					"@loader_path/Frameworks",
				);
				PRODUCT_BUNDLE_IDENTIFIER = "Maxonrow.mxw-sdk-framework-swift";
				PRODUCT_NAME = "$(TARGET_NAME:c99extidentifier)";
				SKIP_INSTALL = YES;
				SWIFT_VERSION = 5.0;
				TARGETED_DEVICE_FAMILY = "1,2";
				VERSIONING_SYSTEM = "apple-generic";
				VERSION_INFO_PREFIX = "";
			};
			name = Release;
		};
		259C683124161947003668EC /* Debug */ = {
			isa = XCBuildConfiguration;
			buildSettings = {
				ALWAYS_EMBED_SWIFT_STANDARD_LIBRARIES = YES;
				CODE_SIGN_STYLE = Automatic;
				DEVELOPMENT_TEAM = 3596BNN9SB;
				INFOPLIST_FILE = "mxw-sdk-framework-swiftTests/Info.plist";
				LD_RUNPATH_SEARCH_PATHS = (
					"$(inherited)",
					"@executable_path/Frameworks",
					"@loader_path/Frameworks",
				);
				PRODUCT_BUNDLE_IDENTIFIER = "Maxonrow.mxw-sdk-framework-swiftTests";
				PRODUCT_NAME = "$(TARGET_NAME)";
				SWIFT_VERSION = 5.0;
				TARGETED_DEVICE_FAMILY = "1,2";
				TEST_HOST = "$(BUILT_PRODUCTS_DIR)/mxw-sdk-swift.app/mxw-sdk-swift";
			};
			name = Debug;
		};
		259C683224161947003668EC /* Release */ = {
			isa = XCBuildConfiguration;
			buildSettings = {
				ALWAYS_EMBED_SWIFT_STANDARD_LIBRARIES = YES;
				CODE_SIGN_STYLE = Automatic;
				DEVELOPMENT_TEAM = 3596BNN9SB;
				INFOPLIST_FILE = "mxw-sdk-framework-swiftTests/Info.plist";
				LD_RUNPATH_SEARCH_PATHS = (
					"$(inherited)",
					"@executable_path/Frameworks",
					"@loader_path/Frameworks",
				);
				PRODUCT_BUNDLE_IDENTIFIER = "Maxonrow.mxw-sdk-framework-swiftTests";
				PRODUCT_NAME = "$(TARGET_NAME)";
				SWIFT_VERSION = 5.0;
				TARGETED_DEVICE_FAMILY = "1,2";
				TEST_HOST = "$(BUILT_PRODUCTS_DIR)/mxw-sdk-swift.app/mxw-sdk-swift";
			};
			name = Release;
		};
/* End XCBuildConfiguration section */

/* Begin XCConfigurationList section */
		259C67F424161919003668EC /* Build configuration list for PBXProject "mxw-sdk-swift" */ = {
			isa = XCConfigurationList;
			buildConfigurations = (
				259C680B2416191A003668EC /* Debug */,
				259C680C2416191A003668EC /* Release */,
			);
			defaultConfigurationIsVisible = 0;
			defaultConfigurationName = Release;
		};
		259C680D2416191A003668EC /* Build configuration list for PBXNativeTarget "mxw-sdk-swift" */ = {
			isa = XCConfigurationList;
			buildConfigurations = (
				259C680E2416191A003668EC /* Debug */,
				259C680F2416191A003668EC /* Release */,
			);
			defaultConfigurationIsVisible = 0;
			defaultConfigurationName = Release;
		};
		259C682C24161947003668EC /* Build configuration list for PBXNativeTarget "mxw-sdk-framework-swift" */ = {
			isa = XCConfigurationList;
			buildConfigurations = (
				259C682D24161947003668EC /* Debug */,
				259C682E24161947003668EC /* Release */,
			);
			defaultConfigurationIsVisible = 0;
			defaultConfigurationName = Release;
		};
		259C683024161947003668EC /* Build configuration list for PBXNativeTarget "mxw-sdk-framework-swiftTests" */ = {
			isa = XCConfigurationList;
			buildConfigurations = (
				259C683124161947003668EC /* Debug */,
				259C683224161947003668EC /* Release */,
			);
			defaultConfigurationIsVisible = 0;
			defaultConfigurationName = Release;
		};
/* End XCConfigurationList section */
	};
	rootObject = 259C67F124161919003668EC /* Project object */;
}
